
Microsoft Visual Studio Solution File, Format Version 12.00
Project("{FAE04EC0-301F-11D3-BF4B-00C04F79EFBC}") = "AOC22.Day01", "AOC22.Day01\AOC22.Day01.csproj", "{B830757A-F097-488E-A1C3-A790947C5A1F}"
EndProject
Project("{FAE04EC0-301F-11D3-BF4B-00C04F79EFBC}") = "AOC22.Day02", "AOC22.Day02\AOC22.Day02.csproj", "{028C3688-79AC-4E19-8D94-AAC78A28FCCC}"
EndProject
Project("{FAE04EC0-301F-11D3-BF4B-00C04F79EFBC}") = "AOC22.Day03", "AOC22.Day03\AOC22.Day03.csproj", "{5F31BFA9-A11A-422A-A4A6-0AB28904B305}"
EndProject
Project("{FAE04EC0-301F-11D3-BF4B-00C04F79EFBC}") = "AOC22.Day04", "AOC22.Day04\AOC22.Day04.csproj", "{70FF28A8-6688-45C9-81CC-655F3F720EE1}"
EndProject
Project("{FAE04EC0-301F-11D3-BF4B-00C04F79EFBC}") = "AOC22.Day05", "AOC22.Day05\AOC22.Day05.csproj", "{B1C19E6B-5B19-40AD-BF2C-AE7D5D205B79}"
EndProject
Project("{FAE04EC0-301F-11D3-BF4B-00C04F79EFBC}") = "AOC22.Day06", "AOC22.Day06\AOC22.Day06.csproj", "{687E2E35-9FF9-499C-A7CC-EF535259A935}"
EndProject
Project("{FAE04EC0-301F-11D3-BF4B-00C04F79EFBC}") = "AOC22.Day07", "AOC22.Day07\AOC22.Day07.csproj", "{6FD9BF51-56F0-4254-B287-F7110A000EDD}"
EndProject
Project("{FAE04EC0-301F-11D3-BF4B-00C04F79EFBC}") = "AOC22.Day08", "AOC22.Day08\AOC22.Day08.csproj", "{A5E5D207-9F63-4139-BC78-273459C3FD12}"
EndProject
Project("{FAE04EC0-301F-11D3-BF4B-00C04F79EFBC}") = "AOC22.Day09", "AOC22.Day09\AOC22.Day09.csproj", "{273D366C-D28B-4C0E-8A4C-0224095088F6}"
EndProject
Global
	GlobalSection(SolutionConfigurationPlatforms) = preSolution
		Debug|Any CPU = Debug|Any CPU
		Release|Any CPU = Release|Any CPU
	EndGlobalSection
	GlobalSection(ProjectConfigurationPlatforms) = postSolution
		{B830757A-F097-488E-A1C3-A790947C5A1F}.Debug|Any CPU.ActiveCfg = Debug|Any CPU
		{B830757A-F097-488E-A1C3-A790947C5A1F}.Debug|Any CPU.Build.0 = Debug|Any CPU
		{B830757A-F097-488E-A1C3-A790947C5A1F}.Release|Any CPU.ActiveCfg = Release|Any CPU
		{B830757A-F097-488E-A1C3-A790947C5A1F}.Release|Any CPU.Build.0 = Release|Any CPU
		{028C3688-79AC-4E19-8D94-AAC78A28FCCC}.Debug|Any CPU.ActiveCfg = Debug|Any CPU
		{028C3688-79AC-4E19-8D94-AAC78A28FCCC}.Debug|Any CPU.Build.0 = Debug|Any CPU
		{028C3688-79AC-4E19-8D94-AAC78A28FCCC}.Release|Any CPU.ActiveCfg = Release|Any CPU
		{028C3688-79AC-4E19-8D94-AAC78A28FCCC}.Release|Any CPU.Build.0 = Release|Any CPU
		{5F31BFA9-A11A-422A-A4A6-0AB28904B305}.Debug|Any CPU.ActiveCfg = Debug|Any CPU
		{5F31BFA9-A11A-422A-A4A6-0AB28904B305}.Debug|Any CPU.Build.0 = Debug|Any CPU
		{5F31BFA9-A11A-422A-A4A6-0AB28904B305}.Release|Any CPU.ActiveCfg = Release|Any CPU
		{5F31BFA9-A11A-422A-A4A6-0AB28904B305}.Release|Any CPU.Build.0 = Release|Any CPU
		{70FF28A8-6688-45C9-81CC-655F3F720EE1}.Debug|Any CPU.ActiveCfg = Debug|Any CPU
		{70FF28A8-6688-45C9-81CC-655F3F720EE1}.Debug|Any CPU.Build.0 = Debug|Any CPU
		{70FF28A8-6688-45C9-81CC-655F3F720EE1}.Release|Any CPU.ActiveCfg = Release|Any CPU
		{70FF28A8-6688-45C9-81CC-655F3F720EE1}.Release|Any CPU.Build.0 = Release|Any CPU
		{B1C19E6B-5B19-40AD-BF2C-AE7D5D205B79}.Debug|Any CPU.ActiveCfg = Debug|Any CPU
		{B1C19E6B-5B19-40AD-BF2C-AE7D5D205B79}.Debug|Any CPU.Build.0 = Debug|Any CPU
		{B1C19E6B-5B19-40AD-BF2C-AE7D5D205B79}.Release|Any CPU.ActiveCfg = Release|Any CPU
		{B1C19E6B-5B19-40AD-BF2C-AE7D5D205B79}.Release|Any CPU.Build.0 = Release|Any CPU
		{687E2E35-9FF9-499C-A7CC-EF535259A935}.Debug|Any CPU.ActiveCfg = Debug|Any CPU
		{687E2E35-9FF9-499C-A7CC-EF535259A935}.Debug|Any CPU.Build.0 = Debug|Any CPU
		{687E2E35-9FF9-499C-A7CC-EF535259A935}.Release|Any CPU.ActiveCfg = Release|Any CPU
		{687E2E35-9FF9-499C-A7CC-EF535259A935}.Release|Any CPU.Build.0 = Release|Any CPU
		{6FD9BF51-56F0-4254-B287-F7110A000EDD}.Debug|Any CPU.ActiveCfg = Debug|Any CPU
		{6FD9BF51-56F0-4254-B287-F7110A000EDD}.Debug|Any CPU.Build.0 = Debug|Any CPU
		{6FD9BF51-56F0-4254-B287-F7110A000EDD}.Release|Any CPU.ActiveCfg = Release|Any CPU
		{6FD9BF51-56F0-4254-B287-F7110A000EDD}.Release|Any CPU.Build.0 = Release|Any CPU
		{A5E5D207-9F63-4139-BC78-273459C3FD12}.Debug|Any CPU.ActiveCfg = Debug|Any CPU
		{A5E5D207-9F63-4139-BC78-273459C3FD12}.Debug|Any CPU.Build.0 = Debug|Any CPU
		{A5E5D207-9F63-4139-BC78-273459C3FD12}.Release|Any CPU.ActiveCfg = Release|Any CPU
		{A5E5D207-9F63-4139-BC78-273459C3FD12}.Release|Any CPU.Build.0 = Release|Any CPU
		{273D366C-D28B-4C0E-8A4C-0224095088F6}.Debug|Any CPU.ActiveCfg = Debug|Any CPU
		{273D366C-D28B-4C0E-8A4C-0224095088F6}.Debug|Any CPU.Build.0 = Debug|Any CPU
		{273D366C-D28B-4C0E-8A4C-0224095088F6}.Release|Any CPU.ActiveCfg = Release|Any CPU
		{273D366C-D28B-4C0E-8A4C-0224095088F6}.Release|Any CPU.Build.0 = Release|Any CPU
	EndGlobalSection
EndGlobal
